
Microsoft Visual Studio Solution File, Format Version 12.00
# Visual Studio Version 16
VisualStudioVersion = 16.0.29102.190
MinimumVisualStudioVersion = 10.0.40219.1
Project("{FAE04EC0-301F-11D3-BF4B-00C04F79EFBC}") = "DevRating.Git", "DevRating.Git\DevRating.Git.csproj", "{8783F08E-9606-4140-B2B7-D215D757799A}"
EndProject
Project("{FAE04EC0-301F-11D3-BF4B-00C04F79EFBC}") = "DevRating.Rating", "DevRating.Rating\DevRating.Rating.csproj", "{17B823C9-E039-4D8D-AA7B-E54283CF019A}"
EndProject
Project("{FAE04EC0-301F-11D3-BF4B-00C04F79EFBC}") = "LibGit2Sharp", "libgit2sharp\LibGit2Sharp\LibGit2Sharp.csproj", "{18558983-A6A0-4CD4-B9E4-0EA589F8AFEE}"
EndProject
Project("{FAE04EC0-301F-11D3-BF4B-00C04F79EFBC}") = "DevRating.AzureTable", "DevRating.AzureTable\DevRating.AzureTable.csproj", "{49AB74B9-19D9-4B21-9584-06A63BFA011A}"
EndProject
Project("{FAE04EC0-301F-11D3-BF4B-00C04F79EFBC}") = "DevRating.LibGit2Sharp", "DevRating.LibGit2Sharp\DevRating.LibGit2Sharp.csproj", "{C3EE37FA-C2A6-494E-BFA1-50C6C845C26C}"
EndProject
Project("{FAE04EC0-301F-11D3-BF4B-00C04F79EFBC}") = "DevRating.GitHubApp", "DevRating.GitHubApp\DevRating.GitHubApp.csproj", "{F5E3A4A9-4F4E-4DAC-8F0F-A627D1E397C1}"
EndProject
Project("{FAE04EC0-301F-11D3-BF4B-00C04F79EFBC}") = "DevRating.AzureFunction", "DevRating.AzureFunction\DevRating.AzureFunction.csproj", "{339AE433-FD4C-4A0F-8F73-5697C9F753E3}"
EndProject
Global
	GlobalSection(SolutionConfigurationPlatforms) = preSolution
		Debug|Any CPU = Debug|Any CPU
		Release|Any CPU = Release|Any CPU
	EndGlobalSection
	GlobalSection(ProjectConfigurationPlatforms) = postSolution
		{8783F08E-9606-4140-B2B7-D215D757799A}.Debug|Any CPU.ActiveCfg = Debug|Any CPU
		{8783F08E-9606-4140-B2B7-D215D757799A}.Debug|Any CPU.Build.0 = Debug|Any CPU
		{8783F08E-9606-4140-B2B7-D215D757799A}.Release|Any CPU.ActiveCfg = Release|Any CPU
		{8783F08E-9606-4140-B2B7-D215D757799A}.Release|Any CPU.Build.0 = Release|Any CPU
		{17B823C9-E039-4D8D-AA7B-E54283CF019A}.Debug|Any CPU.ActiveCfg = Debug|Any CPU
		{17B823C9-E039-4D8D-AA7B-E54283CF019A}.Debug|Any CPU.Build.0 = Debug|Any CPU
		{17B823C9-E039-4D8D-AA7B-E54283CF019A}.Release|Any CPU.ActiveCfg = Release|Any CPU
		{17B823C9-E039-4D8D-AA7B-E54283CF019A}.Release|Any CPU.Build.0 = Release|Any CPU
		{18558983-A6A0-4CD4-B9E4-0EA589F8AFEE}.Debug|Any CPU.ActiveCfg = Debug|Any CPU
		{18558983-A6A0-4CD4-B9E4-0EA589F8AFEE}.Debug|Any CPU.Build.0 = Debug|Any CPU
		{18558983-A6A0-4CD4-B9E4-0EA589F8AFEE}.Release|Any CPU.ActiveCfg = Release|Any CPU
		{18558983-A6A0-4CD4-B9E4-0EA589F8AFEE}.Release|Any CPU.Build.0 = Release|Any CPU
		{49AB74B9-19D9-4B21-9584-06A63BFA011A}.Debug|Any CPU.ActiveCfg = Debug|Any CPU
		{49AB74B9-19D9-4B21-9584-06A63BFA011A}.Debug|Any CPU.Build.0 = Debug|Any CPU
		{49AB74B9-19D9-4B21-9584-06A63BFA011A}.Release|Any CPU.ActiveCfg = Release|Any CPU
		{49AB74B9-19D9-4B21-9584-06A63BFA011A}.Release|Any CPU.Build.0 = Release|Any CPU
		{C3EE37FA-C2A6-494E-BFA1-50C6C845C26C}.Debug|Any CPU.ActiveCfg = Debug|Any CPU
		{C3EE37FA-C2A6-494E-BFA1-50C6C845C26C}.Debug|Any CPU.Build.0 = Debug|Any CPU
		{C3EE37FA-C2A6-494E-BFA1-50C6C845C26C}.Release|Any CPU.ActiveCfg = Release|Any CPU
		{C3EE37FA-C2A6-494E-BFA1-50C6C845C26C}.Release|Any CPU.Build.0 = Release|Any CPU
		{F5E3A4A9-4F4E-4DAC-8F0F-A627D1E397C1}.Debug|Any CPU.ActiveCfg = Debug|Any CPU
		{F5E3A4A9-4F4E-4DAC-8F0F-A627D1E397C1}.Debug|Any CPU.Build.0 = Debug|Any CPU
		{F5E3A4A9-4F4E-4DAC-8F0F-A627D1E397C1}.Release|Any CPU.ActiveCfg = Release|Any CPU
		{F5E3A4A9-4F4E-4DAC-8F0F-A627D1E397C1}.Release|Any CPU.Build.0 = Release|Any CPU
		{339AE433-FD4C-4A0F-8F73-5697C9F753E3}.Debug|Any CPU.ActiveCfg = Debug|Any CPU
		{339AE433-FD4C-4A0F-8F73-5697C9F753E3}.Debug|Any CPU.Build.0 = Debug|Any CPU
		{339AE433-FD4C-4A0F-8F73-5697C9F753E3}.Release|Any CPU.ActiveCfg = Release|Any CPU
		{339AE433-FD4C-4A0F-8F73-5697C9F753E3}.Release|Any CPU.Build.0 = Release|Any CPU
	EndGlobalSection
	GlobalSection(SolutionProperties) = preSolution
		HideSolutionNode = FALSE
	EndGlobalSection
	GlobalSection(ExtensibilityGlobals) = postSolution
		SolutionGuid = {FA199B40-9738-4A64-B591-A6FABF43563D}
	EndGlobalSection
EndGlobal
