
Microsoft Visual Studio Solution File, Format Version 12.00
# Visual Studio Version 16
VisualStudioVersion = 16.0.29102.190
MinimumVisualStudioVersion = 10.0.40219.1
Project("{9A19103F-16F7-4668-BE54-9A1E7A4F7556}") = "DevRating.LibGit2SharpClient", "LibGit2SharpClient\DevRating.LibGit2SharpClient.csproj", "{C3EE37FA-C2A6-494E-BFA1-50C6C845C26C}"
EndProject
Project("{FAE04EC0-301F-11D3-BF4B-00C04F79EFBC}") = "DevRating.Domain", "Domain\DevRating.Domain.csproj", "{DDD238EF-6DC1-4507-8EDC-C23EDFB1E544}"
EndProject
Project("{FAE04EC0-301F-11D3-BF4B-00C04F79EFBC}") = "DevRating.ConsoleApp", "ConsoleApp\DevRating.ConsoleApp.csproj", "{C7DE6FA0-356A-4DC2-8E1E-3C9A1FE7BABF}"
EndProject
Project("{FAE04EC0-301F-11D3-BF4B-00C04F79EFBC}") = "DevRating.EloRating", "EloRating\DevRating.EloRating.csproj", "{38C2DE10-4D60-4831-947B-4E24EC5E5498}"
EndProject
Project("{FAE04EC0-301F-11D3-BF4B-00C04F79EFBC}") = "DevRating.SqliteClient", "SqliteClient\DevRating.SqliteClient.csproj", "{2F2E8D50-0598-4D65-BA26-4F6528B0B2E5}"
EndProject
Project("{FAE04EC0-301F-11D3-BF4B-00C04F79EFBC}") = "DevRating.Domain.Fake", "Domain.Fake\DevRating.Domain.Fake.csproj", "{04BE2E7B-BFF0-4FB3-B723-49EE32E9A0DC}"
EndProject
Project("{FAE04EC0-301F-11D3-BF4B-00C04F79EFBC}") = "DevRating.Domain.Test", "Domain.Test\DevRating.Domain.Test.csproj", "{1E09EC3D-F27B-407C-AEB3-DD487DDA52A2}"
EndProject
Project("{FAE04EC0-301F-11D3-BF4B-00C04F79EFBC}") = "DevRating.EloRating.Test", "EloRating.Test\DevRating.EloRating.Test.csproj", "{A3FCA573-5C04-44FE-8D5C-7FAA220A4BCF}"
EndProject
Project("{FAE04EC0-301F-11D3-BF4B-00C04F79EFBC}") = "DevRating.LibGit2SharpClient.Test", "LibGit2SharpClient.Test\DevRating.LibGit2SharpClient.Test.csproj", "{BF8062AB-C59D-48DA-B4B0-ADF425F9A495}"
EndProject
Global
	GlobalSection(SolutionConfigurationPlatforms) = preSolution
		Debug|Any CPU = Debug|Any CPU
		Release|Any CPU = Release|Any CPU
	EndGlobalSection
	GlobalSection(ProjectConfigurationPlatforms) = postSolution
		{C3EE37FA-C2A6-494E-BFA1-50C6C845C26C}.Debug|Any CPU.ActiveCfg = Debug|Any CPU
		{C3EE37FA-C2A6-494E-BFA1-50C6C845C26C}.Debug|Any CPU.Build.0 = Debug|Any CPU
		{C3EE37FA-C2A6-494E-BFA1-50C6C845C26C}.Release|Any CPU.ActiveCfg = Release|Any CPU
		{C3EE37FA-C2A6-494E-BFA1-50C6C845C26C}.Release|Any CPU.Build.0 = Release|Any CPU
		{DDD238EF-6DC1-4507-8EDC-C23EDFB1E544}.Debug|Any CPU.ActiveCfg = Debug|Any CPU
		{DDD238EF-6DC1-4507-8EDC-C23EDFB1E544}.Debug|Any CPU.Build.0 = Debug|Any CPU
		{DDD238EF-6DC1-4507-8EDC-C23EDFB1E544}.Release|Any CPU.ActiveCfg = Release|Any CPU
		{DDD238EF-6DC1-4507-8EDC-C23EDFB1E544}.Release|Any CPU.Build.0 = Release|Any CPU
		{C7DE6FA0-356A-4DC2-8E1E-3C9A1FE7BABF}.Debug|Any CPU.ActiveCfg = Debug|Any CPU
		{C7DE6FA0-356A-4DC2-8E1E-3C9A1FE7BABF}.Debug|Any CPU.Build.0 = Debug|Any CPU
		{C7DE6FA0-356A-4DC2-8E1E-3C9A1FE7BABF}.Release|Any CPU.ActiveCfg = Release|Any CPU
		{C7DE6FA0-356A-4DC2-8E1E-3C9A1FE7BABF}.Release|Any CPU.Build.0 = Release|Any CPU
		{38C2DE10-4D60-4831-947B-4E24EC5E5498}.Debug|Any CPU.ActiveCfg = Debug|Any CPU
		{38C2DE10-4D60-4831-947B-4E24EC5E5498}.Debug|Any CPU.Build.0 = Debug|Any CPU
		{38C2DE10-4D60-4831-947B-4E24EC5E5498}.Release|Any CPU.ActiveCfg = Release|Any CPU
		{38C2DE10-4D60-4831-947B-4E24EC5E5498}.Release|Any CPU.Build.0 = Release|Any CPU
		{2F2E8D50-0598-4D65-BA26-4F6528B0B2E5}.Debug|Any CPU.ActiveCfg = Debug|Any CPU
		{2F2E8D50-0598-4D65-BA26-4F6528B0B2E5}.Debug|Any CPU.Build.0 = Debug|Any CPU
		{2F2E8D50-0598-4D65-BA26-4F6528B0B2E5}.Release|Any CPU.ActiveCfg = Release|Any CPU
		{2F2E8D50-0598-4D65-BA26-4F6528B0B2E5}.Release|Any CPU.Build.0 = Release|Any CPU
		{04BE2E7B-BFF0-4FB3-B723-49EE32E9A0DC}.Debug|Any CPU.ActiveCfg = Debug|Any CPU
		{04BE2E7B-BFF0-4FB3-B723-49EE32E9A0DC}.Debug|Any CPU.Build.0 = Debug|Any CPU
		{04BE2E7B-BFF0-4FB3-B723-49EE32E9A0DC}.Release|Any CPU.ActiveCfg = Release|Any CPU
		{04BE2E7B-BFF0-4FB3-B723-49EE32E9A0DC}.Release|Any CPU.Build.0 = Release|Any CPU
		{1E09EC3D-F27B-407C-AEB3-DD487DDA52A2}.Debug|Any CPU.ActiveCfg = Debug|Any CPU
		{1E09EC3D-F27B-407C-AEB3-DD487DDA52A2}.Debug|Any CPU.Build.0 = Debug|Any CPU
		{1E09EC3D-F27B-407C-AEB3-DD487DDA52A2}.Release|Any CPU.ActiveCfg = Release|Any CPU
		{1E09EC3D-F27B-407C-AEB3-DD487DDA52A2}.Release|Any CPU.Build.0 = Release|Any CPU
		{A3FCA573-5C04-44FE-8D5C-7FAA220A4BCF}.Debug|Any CPU.ActiveCfg = Debug|Any CPU
		{A3FCA573-5C04-44FE-8D5C-7FAA220A4BCF}.Debug|Any CPU.Build.0 = Debug|Any CPU
		{A3FCA573-5C04-44FE-8D5C-7FAA220A4BCF}.Release|Any CPU.ActiveCfg = Release|Any CPU
		{A3FCA573-5C04-44FE-8D5C-7FAA220A4BCF}.Release|Any CPU.Build.0 = Release|Any CPU
		{BF8062AB-C59D-48DA-B4B0-ADF425F9A495}.Debug|Any CPU.ActiveCfg = Debug|Any CPU
		{BF8062AB-C59D-48DA-B4B0-ADF425F9A495}.Debug|Any CPU.Build.0 = Debug|Any CPU
		{BF8062AB-C59D-48DA-B4B0-ADF425F9A495}.Release|Any CPU.ActiveCfg = Release|Any CPU
		{BF8062AB-C59D-48DA-B4B0-ADF425F9A495}.Release|Any CPU.Build.0 = Release|Any CPU
	EndGlobalSection
	GlobalSection(SolutionProperties) = preSolution
		HideSolutionNode = FALSE
	EndGlobalSection
	GlobalSection(NestedProjects) = preSolution
	EndGlobalSection
	GlobalSection(ExtensibilityGlobals) = postSolution
		SolutionGuid = {FA199B40-9738-4A64-B591-A6FABF43563D}
	EndGlobalSection
EndGlobal
