
Microsoft Visual Studio Solution File, Format Version 12.00
# Visual Studio Version 16
VisualStudioVersion = 16.0.29102.190
MinimumVisualStudioVersion = 10.0.40219.1
Project("{FAE04EC0-301F-11D3-BF4B-00C04F79EFBC}") = "DevRating", "DevRating\DevRating.csproj", "{8783F08E-9606-4140-B2B7-D215D757799A}"
EndProject
Global
	GlobalSection(SolutionConfigurationPlatforms) = preSolution
		Debug|Any CPU = Debug|Any CPU
		Release|Any CPU = Release|Any CPU
	EndGlobalSection
	GlobalSection(ProjectConfigurationPlatforms) = postSolution
		{8783F08E-9606-4140-B2B7-D215D757799A}.Debug|Any CPU.ActiveCfg = Debug|Any CPU
		{8783F08E-9606-4140-B2B7-D215D757799A}.Debug|Any CPU.Build.0 = Debug|Any CPU
		{8783F08E-9606-4140-B2B7-D215D757799A}.Release|Any CPU.ActiveCfg = Release|Any CPU
		{8783F08E-9606-4140-B2B7-D215D757799A}.Release|Any CPU.Build.0 = Release|Any CPU
	EndGlobalSection
	GlobalSection(SolutionProperties) = preSolution
		HideSolutionNode = FALSE
	EndGlobalSection
	GlobalSection(ExtensibilityGlobals) = postSolution
		SolutionGuid = {FA199B40-9738-4A64-B591-A6FABF43563D}
	EndGlobalSection
EndGlobal
